// !$*UTF8*$!
{
	archiveVersion = 1;
	classes = {
	};
	objectVersion = 50;
	objects = {

/* Begin PBXBuildFile section */
		18358DEE21556076009DD9DF /* ComplimentaryGradientView.framework in Frameworks */ = {isa = PBXBuildFile; fileRef = 18358DED2155606D009DD9DF /* ComplimentaryGradientView.framework */; };
		18358DEF21556076009DD9DF /* ComplimentaryGradientView.framework in Embed Frameworks */ = {isa = PBXBuildFile; fileRef = 18358DED2155606D009DD9DF /* ComplimentaryGradientView.framework */; settings = {ATTRIBUTES = (CodeSignOnCopy, RemoveHeadersOnCopy, ); }; };
		18DF8D1A214EE310001B4F6D /* AppDelegate.swift in Sources */ = {isa = PBXBuildFile; fileRef = 18DF8D19214EE310001B4F6D /* AppDelegate.swift */; };
		18DF8D1F214EE310001B4F6D /* Main.storyboard in Resources */ = {isa = PBXBuildFile; fileRef = 18DF8D1D214EE310001B4F6D /* Main.storyboard */; };
		18DF8D21214EE310001B4F6D /* Assets.xcassets in Resources */ = {isa = PBXBuildFile; fileRef = 18DF8D20214EE310001B4F6D /* Assets.xcassets */; };
		18DF8D24214EE310001B4F6D /* LaunchScreen.storyboard in Resources */ = {isa = PBXBuildFile; fileRef = 18DF8D22214EE310001B4F6D /* LaunchScreen.storyboard */; };
		18DF8D2D214EE342001B4F6D /* Combinatorics.swift in Sources */ = {isa = PBXBuildFile; fileRef = 18DF8D2C214EE342001B4F6D /* Combinatorics.swift */; };
		18DF8D44214EE3C9001B4F6D /* ViewController.swift in Sources */ = {isa = PBXBuildFile; fileRef = 18DF8D2E214EE352001B4F6D /* ViewController.swift */; };
/* End PBXBuildFile section */

/* Begin PBXContainerItemProxy section */
		18358DEC2155606D009DD9DF /* PBXContainerItemProxy */ = {
			isa = PBXContainerItemProxy;
			containerPortal = 18358DE82155606D009DD9DF /* ComplimentaryGradientView.xcodeproj */;
			proxyType = 2;
			remoteGlobalIDString = 18358DBE21555783009DD9DF;
			remoteInfo = ComplimentaryGradientView;
		};
		18358DF021556076009DD9DF /* PBXContainerItemProxy */ = {
			isa = PBXContainerItemProxy;
			containerPortal = 18358DE82155606D009DD9DF /* ComplimentaryGradientView.xcodeproj */;
			proxyType = 1;
			remoteGlobalIDString = 18358DBD21555783009DD9DF;
			remoteInfo = ComplimentaryGradientView;
		};
/* End PBXContainerItemProxy section */

/* Begin PBXCopyFilesBuildPhase section */
		18DF8D43214EE3AD001B4F6D /* Embed Frameworks */ = {
			isa = PBXCopyFilesBuildPhase;
			buildActionMask = 2147483647;
			dstPath = "";
			dstSubfolderSpec = 10;
			files = (
				18358DEF21556076009DD9DF /* ComplimentaryGradientView.framework in Embed Frameworks */,
			);
			name = "Embed Frameworks";
			runOnlyForDeploymentPostprocessing = 0;
		};
/* End PBXCopyFilesBuildPhase section */

/* Begin PBXFileReference section */
		18358DE82155606D009DD9DF /* ComplimentaryGradientView.xcodeproj */ = {isa = PBXFileReference; lastKnownFileType = "wrapper.pb-project"; name = ComplimentaryGradientView.xcodeproj; path = ../ComplimentaryGradientView.xcodeproj; sourceTree = "<group>"; };
		18DF8D16214EE310001B4F6D /* Demo.app */ = {isa = PBXFileReference; explicitFileType = wrapper.application; includeInIndex = 0; path = Demo.app; sourceTree = BUILT_PRODUCTS_DIR; };
		18DF8D19214EE310001B4F6D /* AppDelegate.swift */ = {isa = PBXFileReference; lastKnownFileType = sourcecode.swift; path = AppDelegate.swift; sourceTree = "<group>"; };
		18DF8D1E214EE310001B4F6D /* Base */ = {isa = PBXFileReference; lastKnownFileType = file.storyboard; name = Base; path = Base.lproj/Main.storyboard; sourceTree = "<group>"; };
		18DF8D20214EE310001B4F6D /* Assets.xcassets */ = {isa = PBXFileReference; lastKnownFileType = folder.assetcatalog; path = Assets.xcassets; sourceTree = "<group>"; };
		18DF8D23214EE310001B4F6D /* Base */ = {isa = PBXFileReference; lastKnownFileType = file.storyboard; name = Base; path = Base.lproj/LaunchScreen.storyboard; sourceTree = "<group>"; };
		18DF8D25214EE310001B4F6D /* Info.plist */ = {isa = PBXFileReference; lastKnownFileType = text.plist.xml; path = Info.plist; sourceTree = "<group>"; };
		18DF8D2C214EE342001B4F6D /* Combinatorics.swift */ = {isa = PBXFileReference; fileEncoding = 4; lastKnownFileType = sourcecode.swift; path = Combinatorics.swift; sourceTree = "<group>"; };
		18DF8D2E214EE352001B4F6D /* ViewController.swift */ = {isa = PBXFileReference; fileEncoding = 4; lastKnownFileType = sourcecode.swift; path = ViewController.swift; sourceTree = "<group>"; };
/* End PBXFileReference section */

/* Begin PBXFrameworksBuildPhase section */
		18DF8D13214EE310001B4F6D /* Frameworks */ = {
			isa = PBXFrameworksBuildPhase;
			buildActionMask = 2147483647;
			files = (
				18358DEE21556076009DD9DF /* ComplimentaryGradientView.framework in Frameworks */,
			);
			runOnlyForDeploymentPostprocessing = 0;
		};
/* End PBXFrameworksBuildPhase section */

/* Begin PBXGroup section */
		18358DE92155606D009DD9DF /* Products */ = {
			isa = PBXGroup;
			children = (
				18358DED2155606D009DD9DF /* ComplimentaryGradientView.framework */,
			);
			name = Products;
			sourceTree = "<group>";
		};
		18DF8D0D214EE310001B4F6D = {
			isa = PBXGroup;
			children = (
				18358DE82155606D009DD9DF /* ComplimentaryGradientView.xcodeproj */,
				18DF8D18214EE310001B4F6D /* Demo */,
				18DF8D17214EE310001B4F6D /* Products */,
			);
			sourceTree = "<group>";
		};
		18DF8D17214EE310001B4F6D /* Products */ = {
			isa = PBXGroup;
			children = (
				18DF8D16214EE310001B4F6D /* Demo.app */,
			);
			name = Products;
			sourceTree = "<group>";
		};
		18DF8D18214EE310001B4F6D /* Demo */ = {
			isa = PBXGroup;
			children = (
				18DF8D2B214EE342001B4F6D /* Extensions */,
				18DF8D19214EE310001B4F6D /* AppDelegate.swift */,
				18DF8D2E214EE352001B4F6D /* ViewController.swift */,
				18DF8D1D214EE310001B4F6D /* Main.storyboard */,
				18DF8D20214EE310001B4F6D /* Assets.xcassets */,
				18DF8D22214EE310001B4F6D /* LaunchScreen.storyboard */,
				18DF8D25214EE310001B4F6D /* Info.plist */,
			);
			path = Demo;
			sourceTree = "<group>";
		};
		18DF8D2B214EE342001B4F6D /* Extensions */ = {
			isa = PBXGroup;
			children = (
				18DF8D2C214EE342001B4F6D /* Combinatorics.swift */,
			);
			path = Extensions;
			sourceTree = "<group>";
		};
/* End PBXGroup section */

/* Begin PBXNativeTarget section */
		18DF8D15214EE310001B4F6D /* Demo */ = {
			isa = PBXNativeTarget;
			buildConfigurationList = 18DF8D28214EE310001B4F6D /* Build configuration list for PBXNativeTarget "Demo" */;
			buildPhases = (
				18DF8D12214EE310001B4F6D /* Sources */,
				18DF8D13214EE310001B4F6D /* Frameworks */,
				18DF8D14214EE310001B4F6D /* Resources */,
				18DF8D43214EE3AD001B4F6D /* Embed Frameworks */,
			);
			buildRules = (
			);
			dependencies = (
				18358DF121556076009DD9DF /* PBXTargetDependency */,
			);
			name = Demo;
			productName = Demoo;
			productReference = 18DF8D16214EE310001B4F6D /* Demo.app */;
			productType = "com.apple.product-type.application";
		};
/* End PBXNativeTarget section */

/* Begin PBXProject section */
		18DF8D0E214EE310001B4F6D /* Project object */ = {
			isa = PBXProject;
			attributes = {
				LastSwiftUpdateCheck = 1000;
				LastUpgradeCheck = 1000;
				ORGANIZATIONNAME = "George Kye";
				TargetAttributes = {
					18DF8D15214EE310001B4F6D = {
						CreatedOnToolsVersion = 10.0;
					};
				};
			};
			buildConfigurationList = 18DF8D11214EE310001B4F6D /* Build configuration list for PBXProject "Demo" */;
			compatibilityVersion = "Xcode 9.3";
			developmentRegion = en;
			hasScannedForEncodings = 0;
			knownRegions = (
				en,
				Base,
			);
			mainGroup = 18DF8D0D214EE310001B4F6D;
			productRefGroup = 18DF8D17214EE310001B4F6D /* Products */;
			projectDirPath = "";
			projectReferences = (
				{
					ProductGroup = 18358DE92155606D009DD9DF /* Products */;
					ProjectRef = 18358DE82155606D009DD9DF /* ComplimentaryGradientView.xcodeproj */;
				},
			);
			projectRoot = "";
			targets = (
				18DF8D15214EE310001B4F6D /* Demo */,
			);
		};
/* End PBXProject section */

/* Begin PBXReferenceProxy section */
		18358DED2155606D009DD9DF /* ComplimentaryGradientView.framework */ = {
			isa = PBXReferenceProxy;
			fileType = wrapper.framework;
			path = ComplimentaryGradientView.framework;
			remoteRef = 18358DEC2155606D009DD9DF /* PBXContainerItemProxy */;
			sourceTree = BUILT_PRODUCTS_DIR;
		};
/* End PBXReferenceProxy section */

/* Begin PBXResourcesBuildPhase section */
		18DF8D14214EE310001B4F6D /* Resources */ = {
			isa = PBXResourcesBuildPhase;
			buildActionMask = 2147483647;
			files = (
				18DF8D24214EE310001B4F6D /* LaunchScreen.storyboard in Resources */,
				18DF8D21214EE310001B4F6D /* Assets.xcassets in Resources */,
				18DF8D1F214EE310001B4F6D /* Main.storyboard in Resources */,
			);
			runOnlyForDeploymentPostprocessing = 0;
		};
/* End PBXResourcesBuildPhase section */

/* Begin PBXSourcesBuildPhase section */
		18DF8D12214EE310001B4F6D /* Sources */ = {
			isa = PBXSourcesBuildPhase;
			buildActionMask = 2147483647;
			files = (
				18DF8D44214EE3C9001B4F6D /* ViewController.swift in Sources */,
				18DF8D2D214EE342001B4F6D /* Combinatorics.swift in Sources */,
				18DF8D1A214EE310001B4F6D /* AppDelegate.swift in Sources */,
			);
			runOnlyForDeploymentPostprocessing = 0;
		};
/* End PBXSourcesBuildPhase section */

/* Begin PBXTargetDependency section */
		18358DF121556076009DD9DF /* PBXTargetDependency */ = {
			isa = PBXTargetDependency;
			name = ComplimentaryGradientView;
			targetProxy = 18358DF021556076009DD9DF /* PBXContainerItemProxy */;
		};
/* End PBXTargetDependency section */

/* Begin PBXVariantGroup section */
		18DF8D1D214EE310001B4F6D /* Main.storyboard */ = {
			isa = PBXVariantGroup;
			children = (
				18DF8D1E214EE310001B4F6D /* Base */,
			);
			name = Main.storyboard;
			sourceTree = "<group>";
		};
		18DF8D22214EE310001B4F6D /* LaunchScreen.storyboard */ = {
			isa = PBXVariantGroup;
			children = (
				18DF8D23214EE310001B4F6D /* Base */,
			);
			name = LaunchScreen.storyboard;
			sourceTree = "<group>";
		};
/* End PBXVariantGroup section */

/* Begin XCBuildConfiguration section */
		18DF8D26214EE310001B4F6D /* Debug */ = {
			isa = XCBuildConfiguration;
			buildSettings = {
				ALWAYS_SEARCH_USER_PATHS = NO;
				CLANG_ANALYZER_NONNULL = YES;
				CLANG_ANALYZER_NUMBER_OBJECT_CONVERSION = YES_AGGRESSIVE;
				CLANG_CXX_LANGUAGE_STANDARD = "gnu++14";
				CLANG_CXX_LIBRARY = "libc++";
				CLANG_ENABLE_MODULES = YES;
				CLANG_ENABLE_OBJC_ARC = YES;
				CLANG_ENABLE_OBJC_WEAK = YES;
				CLANG_WARN_BLOCK_CAPTURE_AUTORELEASING = YES;
				CLANG_WARN_BOOL_CONVERSION = YES;
				CLANG_WARN_COMMA = YES;
				CLANG_WARN_CONSTANT_CONVERSION = YES;
				CLANG_WARN_DEPRECATED_OBJC_IMPLEMENTATIONS = YES;
				CLANG_WARN_DIRECT_OBJC_ISA_USAGE = YES_ERROR;
				CLANG_WARN_DOCUMENTATION_COMMENTS = YES;
				CLANG_WARN_EMPTY_BODY = YES;
				CLANG_WARN_ENUM_CONVERSION = YES;
				CLANG_WARN_INFINITE_RECURSION = YES;
				CLANG_WARN_INT_CONVERSION = YES;
				CLANG_WARN_NON_LITERAL_NULL_CONVERSION = YES;
				CLANG_WARN_OBJC_IMPLICIT_RETAIN_SELF = YES;
				CLANG_WARN_OBJC_LITERAL_CONVERSION = YES;
				CLANG_WARN_OBJC_ROOT_CLASS = YES_ERROR;
				CLANG_WARN_RANGE_LOOP_ANALYSIS = YES;
				CLANG_WARN_STRICT_PROTOTYPES = YES;
				CLANG_WARN_SUSPICIOUS_MOVE = YES;
				CLANG_WARN_UNGUARDED_AVAILABILITY = YES_AGGRESSIVE;
				CLANG_WARN_UNREACHABLE_CODE = YES;
				CLANG_WARN__DUPLICATE_METHOD_MATCH = YES;
				CODE_SIGN_IDENTITY = "iPhone Developer";
				COPY_PHASE_STRIP = NO;
				DEBUG_INFORMATION_FORMAT = dwarf;
				ENABLE_STRICT_OBJC_MSGSEND = YES;
				ENABLE_TESTABILITY = YES;
				GCC_C_LANGUAGE_STANDARD = gnu11;
				GCC_DYNAMIC_NO_PIC = NO;
				GCC_NO_COMMON_BLOCKS = YES;
				GCC_OPTIMIZATION_LEVEL = 0;
				GCC_PREPROCESSOR_DEFINITIONS = (
					"DEBUG=1",
					"$(inherited)",
				);
				GCC_WARN_64_TO_32_BIT_CONVERSION = YES;
				GCC_WARN_ABOUT_RETURN_TYPE = YES_ERROR;
				GCC_WARN_UNDECLARED_SELECTOR = YES;
				GCC_WARN_UNINITIALIZED_AUTOS = YES_AGGRESSIVE;
				GCC_WARN_UNUSED_FUNCTION = YES;
				GCC_WARN_UNUSED_VARIABLE = YES;
				IPHONEOS_DEPLOYMENT_TARGET = 12.0;
				MTL_ENABLE_DEBUG_INFO = INCLUDE_SOURCE;
				MTL_FAST_MATH = YES;
				ONLY_ACTIVE_ARCH = YES;
				SDKROOT = iphoneos;
				SWIFT_ACTIVE_COMPILATION_CONDITIONS = DEBUG;
				SWIFT_OPTIMIZATION_LEVEL = "-Onone";
			};
			name = Debug;
		};
		18DF8D27214EE310001B4F6D /* Release */ = {
			isa = XCBuildConfiguration;
			buildSettings = {
				ALWAYS_SEARCH_USER_PATHS = NO;
				CLANG_ANALYZER_NONNULL = YES;
				CLANG_ANALYZER_NUMBER_OBJECT_CONVERSION = YES_AGGRESSIVE;
				CLANG_CXX_LANGUAGE_STANDARD = "gnu++14";
				CLANG_CXX_LIBRARY = "libc++";
				CLANG_ENABLE_MODULES = YES;
				CLANG_ENABLE_OBJC_ARC = YES;
				CLANG_ENABLE_OBJC_WEAK = YES;
				CLANG_WARN_BLOCK_CAPTURE_AUTORELEASING = YES;
				CLANG_WARN_BOOL_CONVERSION = YES;
				CLANG_WARN_COMMA = YES;
				CLANG_WARN_CONSTANT_CONVERSION = YES;
				CLANG_WARN_DEPRECATED_OBJC_IMPLEMENTATIONS = YES;
				CLANG_WARN_DIRECT_OBJC_ISA_USAGE = YES_ERROR;
				CLANG_WARN_DOCUMENTATION_COMMENTS = YES;
				CLANG_WARN_EMPTY_BODY = YES;
				CLANG_WARN_ENUM_CONVERSION = YES;
				CLANG_WARN_INFINITE_RECURSION = YES;
				CLANG_WARN_INT_CONVERSION = YES;
				CLANG_WARN_NON_LITERAL_NULL_CONVERSION = YES;
				CLANG_WARN_OBJC_IMPLICIT_RETAIN_SELF = YES;
				CLANG_WARN_OBJC_LITERAL_CONVERSION = YES;
				CLANG_WARN_OBJC_ROOT_CLASS = YES_ERROR;
				CLANG_WARN_RANGE_LOOP_ANALYSIS = YES;
				CLANG_WARN_STRICT_PROTOTYPES = YES;
				CLANG_WARN_SUSPICIOUS_MOVE = YES;
				CLANG_WARN_UNGUARDED_AVAILABILITY = YES_AGGRESSIVE;
				CLANG_WARN_UNREACHABLE_CODE = YES;
				CLANG_WARN__DUPLICATE_METHOD_MATCH = YES;
				CODE_SIGN_IDENTITY = "iPhone Developer";
				COPY_PHASE_STRIP = NO;
				DEBUG_INFORMATION_FORMAT = "dwarf-with-dsym";
				ENABLE_NS_ASSERTIONS = NO;
				ENABLE_STRICT_OBJC_MSGSEND = YES;
				GCC_C_LANGUAGE_STANDARD = gnu11;
				GCC_NO_COMMON_BLOCKS = YES;
				GCC_WARN_64_TO_32_BIT_CONVERSION = YES;
				GCC_WARN_ABOUT_RETURN_TYPE = YES_ERROR;
				GCC_WARN_UNDECLARED_SELECTOR = YES;
				GCC_WARN_UNINITIALIZED_AUTOS = YES_AGGRESSIVE;
				GCC_WARN_UNUSED_FUNCTION = YES;
				GCC_WARN_UNUSED_VARIABLE = YES;
				IPHONEOS_DEPLOYMENT_TARGET = 12.0;
				MTL_ENABLE_DEBUG_INFO = NO;
				MTL_FAST_MATH = YES;
				SDKROOT = iphoneos;
				SWIFT_COMPILATION_MODE = wholemodule;
				SWIFT_OPTIMIZATION_LEVEL = "-O";
				VALIDATE_PRODUCT = YES;
			};
			name = Release;
		};
		18DF8D29214EE310001B4F6D /* Debug */ = {
			isa = XCBuildConfiguration;
			buildSettings = {
				ALWAYS_EMBED_SWIFT_STANDARD_LIBRARIES = YES;
				ASSETCATALOG_COMPILER_APPICON_NAME = AppIcon;
				CODE_SIGN_STYLE = Automatic;
				INFOPLIST_FILE = "$(SRCROOT)/Demo/Info.plist";
				IPHONEOS_DEPLOYMENT_TARGET = 11.0;
				LD_RUNPATH_SEARCH_PATHS = (
					"$(inherited)",
					"@executable_path/Frameworks",
				);
				PRODUCT_BUNDLE_IDENTIFIER = george.kye.Demoo;
				PRODUCT_NAME = "$(TARGET_NAME)";
				SWIFT_VERSION = 4.2;
				TARGETED_DEVICE_FAMILY = "1,2";
			};
			name = Debug;
		};
		18DF8D2A214EE310001B4F6D /* Release */ = {
			isa = XCBuildConfiguration;
			buildSettings = {
				ALWAYS_EMBED_SWIFT_STANDARD_LIBRARIES = YES;
				ASSETCATALOG_COMPILER_APPICON_NAME = AppIcon;
				CODE_SIGN_STYLE = Automatic;
				INFOPLIST_FILE = "$(SRCROOT)/Demo/Info.plist";
				IPHONEOS_DEPLOYMENT_TARGET = 11.0;
				LD_RUNPATH_SEARCH_PATHS = (
					"$(inherited)",
					"@executable_path/Frameworks",
				);
				PRODUCT_BUNDLE_IDENTIFIER = george.kye.Demoo;
				PRODUCT_NAME = "$(TARGET_NAME)";
				SWIFT_VERSION = 4.2;
				TARGETED_DEVICE_FAMILY = "1,2";
			};
			name = Release;
		};
/* End XCBuildConfiguration section */

/* Begin XCConfigurationList section */
		18DF8D11214EE310001B4F6D /* Build configuration list for PBXProject "Demo" */ = {
			isa = XCConfigurationList;
			buildConfigurations = (
				18DF8D26214EE310001B4F6D /* Debug */,
				18DF8D27214EE310001B4F6D /* Release */,
			);
			defaultConfigurationIsVisible = 0;
			defaultConfigurationName = Release;
		};
		18DF8D28214EE310001B4F6D /* Build configuration list for PBXNativeTarget "Demo" */ = {
			isa = XCConfigurationList;
			buildConfigurations = (
				18DF8D29214EE310001B4F6D /* Debug */,
				18DF8D2A214EE310001B4F6D /* Release */,
			);
			defaultConfigurationIsVisible = 0;
			defaultConfigurationName = Release;
		};
/* End XCConfigurationList section */
	};
	rootObject = 18DF8D0E214EE310001B4F6D /* Project object */;
}
