// !$*UTF8*$!
{
	archiveVersion = 1;
	classes = {
	};
	objectVersion = 46;
	objects = {

/* Begin PBXBuildFile section */
		5E3D42DB1D6BFA830058B0DB /* AppDelegate.swift in Sources */ = {isa = PBXBuildFile; fileRef = 5E3D42DA1D6BFA830058B0DB /* AppDelegate.swift */; };
		5E3D42DD1D6BFA830058B0DB /* ViewController.swift in Sources */ = {isa = PBXBuildFile; fileRef = 5E3D42DC1D6BFA830058B0DB /* ViewController.swift */; };
		5E3D42E01D6BFA830058B0DB /* Main.storyboard in Resources */ = {isa = PBXBuildFile; fileRef = 5E3D42DE1D6BFA830058B0DB /* Main.storyboard */; };
		5E3D42E21D6BFA830058B0DB /* Assets.xcassets in Resources */ = {isa = PBXBuildFile; fileRef = 5E3D42E11D6BFA830058B0DB /* Assets.xcassets */; };
		5E3D42E51D6BFA830058B0DB /* LaunchScreen.storyboard in Resources */ = {isa = PBXBuildFile; fileRef = 5E3D42E31D6BFA830058B0DB /* LaunchScreen.storyboard */; };
		5E3D42FB1D6BFB150058B0DB /* ComplimentaryGradientView.framework in Frameworks */ = {isa = PBXBuildFile; fileRef = 5E3D42F41D6BFB0C0058B0DB /* ComplimentaryGradientView.framework */; };
/* End PBXBuildFile section */

/* Begin PBXContainerItemProxy section */
		5E3D42F31D6BFB0C0058B0DB /* PBXContainerItemProxy */ = {
			isa = PBXContainerItemProxy;
			containerPortal = 5E3D42EC1D6BFB0B0058B0DB /* ComplimentaryGradientView.xcodeproj */;
			proxyType = 2;
			remoteGlobalIDString = 5E3D428A1D6BF8C80058B0DB;
			remoteInfo = ComplimentaryGradientView;
		};
		5E3D42F51D6BFB0C0058B0DB /* PBXContainerItemProxy */ = {
			isa = PBXContainerItemProxy;
			containerPortal = 5E3D42EC1D6BFB0B0058B0DB /* ComplimentaryGradientView.xcodeproj */;
			proxyType = 2;
			remoteGlobalIDString = 5E3D42941D6BF8C80058B0DB;
			remoteInfo = ComplimentaryGradientViewTests;
		};
		5E3D42F71D6BFB0C0058B0DB /* PBXContainerItemProxy */ = {
			isa = PBXContainerItemProxy;
			containerPortal = 5E3D42EC1D6BFB0B0058B0DB /* ComplimentaryGradientView.xcodeproj */;
			proxyType = 2;
			remoteGlobalIDString = 5E3D42AE1D6BFA2C0058B0DB;
			remoteInfo = Demo;
		};
		5E3D42F91D6BFB0C0058B0DB /* PBXContainerItemProxy */ = {
			isa = PBXContainerItemProxy;
			containerPortal = 5E3D42EC1D6BFB0B0058B0DB /* ComplimentaryGradientView.xcodeproj */;
			proxyType = 2;
			remoteGlobalIDString = 5E3D42C11D6BFA2C0058B0DB;
			remoteInfo = DemoTests;
		};
/* End PBXContainerItemProxy section */

/* Begin PBXFileReference section */
		5E3D42D71D6BFA830058B0DB /* Demo.app */ = {isa = PBXFileReference; explicitFileType = wrapper.application; includeInIndex = 0; path = Demo.app; sourceTree = BUILT_PRODUCTS_DIR; };
		5E3D42DA1D6BFA830058B0DB /* AppDelegate.swift */ = {isa = PBXFileReference; lastKnownFileType = sourcecode.swift; path = AppDelegate.swift; sourceTree = "<group>"; };
		5E3D42DC1D6BFA830058B0DB /* ViewController.swift */ = {isa = PBXFileReference; lastKnownFileType = sourcecode.swift; path = ViewController.swift; sourceTree = "<group>"; };
		5E3D42DF1D6BFA830058B0DB /* Base */ = {isa = PBXFileReference; lastKnownFileType = file.storyboard; name = Base; path = Base.lproj/Main.storyboard; sourceTree = "<group>"; };
		5E3D42E11D6BFA830058B0DB /* Assets.xcassets */ = {isa = PBXFileReference; lastKnownFileType = folder.assetcatalog; path = Assets.xcassets; sourceTree = "<group>"; };
		5E3D42E41D6BFA830058B0DB /* Base */ = {isa = PBXFileReference; lastKnownFileType = file.storyboard; name = Base; path = Base.lproj/LaunchScreen.storyboard; sourceTree = "<group>"; };
		5E3D42E61D6BFA830058B0DB /* Info.plist */ = {isa = PBXFileReference; lastKnownFileType = text.plist.xml; path = Info.plist; sourceTree = "<group>"; };
		5E3D42EC1D6BFB0B0058B0DB /* ComplimentaryGradientView.xcodeproj */ = {isa = PBXFileReference; lastKnownFileType = "wrapper.pb-project"; name = ComplimentaryGradientView.xcodeproj; path = ../ComplimentaryGradientView.xcodeproj; sourceTree = "<group>"; };
/* End PBXFileReference section */

/* Begin PBXFrameworksBuildPhase section */
		5E3D42D41D6BFA830058B0DB /* Frameworks */ = {
			isa = PBXFrameworksBuildPhase;
			buildActionMask = 2147483647;
			files = (
				5E3D42FB1D6BFB150058B0DB /* ComplimentaryGradientView.framework in Frameworks */,
			);
			runOnlyForDeploymentPostprocessing = 0;
		};
/* End PBXFrameworksBuildPhase section */

/* Begin PBXGroup section */
		5E3D42CE1D6BFA830058B0DB = {
			isa = PBXGroup;
			children = (
				5E3D42EC1D6BFB0B0058B0DB /* ComplimentaryGradientView.xcodeproj */,
				5E3D42D91D6BFA830058B0DB /* Demo */,
				5E3D42D81D6BFA830058B0DB /* Products */,
			);
			sourceTree = "<group>";
		};
		5E3D42D81D6BFA830058B0DB /* Products */ = {
			isa = PBXGroup;
			children = (
				5E3D42D71D6BFA830058B0DB /* Demo.app */,
			);
			name = Products;
			sourceTree = "<group>";
		};
		5E3D42D91D6BFA830058B0DB /* Demo */ = {
			isa = PBXGroup;
			children = (
				5E3D42DA1D6BFA830058B0DB /* AppDelegate.swift */,
				5E3D42DC1D6BFA830058B0DB /* ViewController.swift */,
				5E3D42DE1D6BFA830058B0DB /* Main.storyboard */,
				5E3D42E11D6BFA830058B0DB /* Assets.xcassets */,
				5E3D42E31D6BFA830058B0DB /* LaunchScreen.storyboard */,
				5E3D42E61D6BFA830058B0DB /* Info.plist */,
			);
			path = Demo;
			sourceTree = "<group>";
		};
		5E3D42ED1D6BFB0B0058B0DB /* Products */ = {
			isa = PBXGroup;
			children = (
				5E3D42F41D6BFB0C0058B0DB /* ComplimentaryGradientView.framework */,
				5E3D42F61D6BFB0C0058B0DB /* ComplimentaryGradientViewTests.xctest */,
				5E3D42F81D6BFB0C0058B0DB /* Demo.app */,
				5E3D42FA1D6BFB0C0058B0DB /* DemoTests.xctest */,
			);
			name = Products;
			sourceTree = "<group>";
		};
/* End PBXGroup section */

/* Begin PBXNativeTarget section */
		5E3D42D61D6BFA830058B0DB /* Demo */ = {
			isa = PBXNativeTarget;
			buildConfigurationList = 5E3D42E91D6BFA830058B0DB /* Build configuration list for PBXNativeTarget "Demo" */;
			buildPhases = (
				5E3D42D31D6BFA830058B0DB /* Sources */,
				5E3D42D41D6BFA830058B0DB /* Frameworks */,
				5E3D42D51D6BFA830058B0DB /* Resources */,
			);
			buildRules = (
			);
			dependencies = (
			);
			name = Demo;
			productName = Demo;
			productReference = 5E3D42D71D6BFA830058B0DB /* Demo.app */;
			productType = "com.apple.product-type.application";
		};
/* End PBXNativeTarget section */

/* Begin PBXProject section */
		5E3D42CF1D6BFA830058B0DB /* Project object */ = {
			isa = PBXProject;
			attributes = {
				LastSwiftUpdateCheck = 0730;
				LastUpgradeCheck = 0800;
				ORGANIZATIONNAME = "George Kye";
				TargetAttributes = {
					5E3D42D61D6BFA830058B0DB = {
						CreatedOnToolsVersion = 7.3;
						DevelopmentTeam = U6DZ66N298;
						LastSwiftMigration = 0800;
					};
				};
			};
			buildConfigurationList = 5E3D42D21D6BFA830058B0DB /* Build configuration list for PBXProject "Demo" */;
			compatibilityVersion = "Xcode 3.2";
			developmentRegion = English;
			hasScannedForEncodings = 0;
			knownRegions = (
				en,
				Base,
			);
			mainGroup = 5E3D42CE1D6BFA830058B0DB;
			productRefGroup = 5E3D42D81D6BFA830058B0DB /* Products */;
			projectDirPath = "";
			projectReferences = (
				{
					ProductGroup = 5E3D42ED1D6BFB0B0058B0DB /* Products */;
					ProjectRef = 5E3D42EC1D6BFB0B0058B0DB /* ComplimentaryGradientView.xcodeproj */;
				},
			);
			projectRoot = "";
			targets = (
				5E3D42D61D6BFA830058B0DB /* Demo */,
			);
		};
/* End PBXProject section */

/* Begin PBXReferenceProxy section */
		5E3D42F41D6BFB0C0058B0DB /* ComplimentaryGradientView.framework */ = {
			isa = PBXReferenceProxy;
			fileType = wrapper.framework;
			path = ComplimentaryGradientView.framework;
			remoteRef = 5E3D42F31D6BFB0C0058B0DB /* PBXContainerItemProxy */;
			sourceTree = BUILT_PRODUCTS_DIR;
		};
		5E3D42F61D6BFB0C0058B0DB /* ComplimentaryGradientViewTests.xctest */ = {
			isa = PBXReferenceProxy;
			fileType = wrapper.cfbundle;
			path = ComplimentaryGradientViewTests.xctest;
			remoteRef = 5E3D42F51D6BFB0C0058B0DB /* PBXContainerItemProxy */;
			sourceTree = BUILT_PRODUCTS_DIR;
		};
		5E3D42F81D6BFB0C0058B0DB /* Demo.app */ = {
			isa = PBXReferenceProxy;
			fileType = wrapper.application;
			path = Demo.app;
			remoteRef = 5E3D42F71D6BFB0C0058B0DB /* PBXContainerItemProxy */;
			sourceTree = BUILT_PRODUCTS_DIR;
		};
		5E3D42FA1D6BFB0C0058B0DB /* DemoTests.xctest */ = {
			isa = PBXReferenceProxy;
			fileType = wrapper.cfbundle;
			path = DemoTests.xctest;
			remoteRef = 5E3D42F91D6BFB0C0058B0DB /* PBXContainerItemProxy */;
			sourceTree = BUILT_PRODUCTS_DIR;
		};
/* End PBXReferenceProxy section */

/* Begin PBXResourcesBuildPhase section */
		5E3D42D51D6BFA830058B0DB /* Resources */ = {
			isa = PBXResourcesBuildPhase;
			buildActionMask = 2147483647;
			files = (
				5E3D42E51D6BFA830058B0DB /* LaunchScreen.storyboard in Resources */,
				5E3D42E21D6BFA830058B0DB /* Assets.xcassets in Resources */,
				5E3D42E01D6BFA830058B0DB /* Main.storyboard in Resources */,
			);
			runOnlyForDeploymentPostprocessing = 0;
		};
/* End PBXResourcesBuildPhase section */

/* Begin PBXSourcesBuildPhase section */
		5E3D42D31D6BFA830058B0DB /* Sources */ = {
			isa = PBXSourcesBuildPhase;
			buildActionMask = 2147483647;
			files = (
				5E3D42DD1D6BFA830058B0DB /* ViewController.swift in Sources */,
				5E3D42DB1D6BFA830058B0DB /* AppDelegate.swift in Sources */,
			);
			runOnlyForDeploymentPostprocessing = 0;
		};
/* End PBXSourcesBuildPhase section */

/* Begin PBXVariantGroup section */
		5E3D42DE1D6BFA830058B0DB /* Main.storyboard */ = {
			isa = PBXVariantGroup;
			children = (
				5E3D42DF1D6BFA830058B0DB /* Base */,
			);
			name = Main.storyboard;
			sourceTree = "<group>";
		};
		5E3D42E31D6BFA830058B0DB /* LaunchScreen.storyboard */ = {
			isa = PBXVariantGroup;
			children = (
				5E3D42E41D6BFA830058B0DB /* Base */,
			);
			name = LaunchScreen.storyboard;
			sourceTree = "<group>";
		};
/* End PBXVariantGroup section */

/* Begin XCBuildConfiguration section */
		5E3D42E71D6BFA830058B0DB /* Debug */ = {
			isa = XCBuildConfiguration;
			buildSettings = {
				ALWAYS_SEARCH_USER_PATHS = NO;
				CLANG_ANALYZER_NONNULL = YES;
				CLANG_CXX_LANGUAGE_STANDARD = "gnu++0x";
				CLANG_CXX_LIBRARY = "libc++";
				CLANG_ENABLE_MODULES = YES;
				CLANG_ENABLE_OBJC_ARC = YES;
				CLANG_WARN_BOOL_CONVERSION = YES;
				CLANG_WARN_CONSTANT_CONVERSION = YES;
				CLANG_WARN_DIRECT_OBJC_ISA_USAGE = YES_ERROR;
				CLANG_WARN_EMPTY_BODY = YES;
				CLANG_WARN_ENUM_CONVERSION = YES;
				CLANG_WARN_INFINITE_RECURSION = YES;
				CLANG_WARN_INT_CONVERSION = YES;
				CLANG_WARN_OBJC_ROOT_CLASS = YES_ERROR;
				CLANG_WARN_SUSPICIOUS_MOVE = YES;
				CLANG_WARN_UNREACHABLE_CODE = YES;
				CLANG_WARN__DUPLICATE_METHOD_MATCH = YES;
				"CODE_SIGN_IDENTITY[sdk=iphoneos*]" = "iPhone Developer";
				COPY_PHASE_STRIP = NO;
				DEBUG_INFORMATION_FORMAT = dwarf;
				ENABLE_STRICT_OBJC_MSGSEND = YES;
				ENABLE_TESTABILITY = YES;
				GCC_C_LANGUAGE_STANDARD = gnu99;
				GCC_DYNAMIC_NO_PIC = NO;
				GCC_NO_COMMON_BLOCKS = YES;
				GCC_OPTIMIZATION_LEVEL = 0;
				GCC_PREPROCESSOR_DEFINITIONS = (
					"DEBUG=1",
					"$(inherited)",
				);
				GCC_WARN_64_TO_32_BIT_CONVERSION = YES;
				GCC_WARN_ABOUT_RETURN_TYPE = YES_ERROR;
				GCC_WARN_UNDECLARED_SELECTOR = YES;
				GCC_WARN_UNINITIALIZED_AUTOS = YES_AGGRESSIVE;
				GCC_WARN_UNUSED_FUNCTION = YES;
				GCC_WARN_UNUSED_VARIABLE = YES;
				IPHONEOS_DEPLOYMENT_TARGET = 9.3;
				MTL_ENABLE_DEBUG_INFO = YES;
				ONLY_ACTIVE_ARCH = YES;
				SDKROOT = iphoneos;
				SWIFT_OPTIMIZATION_LEVEL = "-Onone";
			};
			name = Debug;
		};
		5E3D42E81D6BFA830058B0DB /* Release */ = {
			isa = XCBuildConfiguration;
			buildSettings = {
				ALWAYS_SEARCH_USER_PATHS = NO;
				CLANG_ANALYZER_NONNULL = YES;
				CLANG_CXX_LANGUAGE_STANDARD = "gnu++0x";
				CLANG_CXX_LIBRARY = "libc++";
				CLANG_ENABLE_MODULES = YES;
				CLANG_ENABLE_OBJC_ARC = YES;
				CLANG_WARN_BOOL_CONVERSION = YES;
				CLANG_WARN_CONSTANT_CONVERSION = YES;
				CLANG_WARN_DIRECT_OBJC_ISA_USAGE = YES_ERROR;
				CLANG_WARN_EMPTY_BODY = YES;
				CLANG_WARN_ENUM_CONVERSION = YES;
				CLANG_WARN_INFINITE_RECURSION = YES;
				CLANG_WARN_INT_CONVERSION = YES;
				CLANG_WARN_OBJC_ROOT_CLASS = YES_ERROR;
				CLANG_WARN_SUSPICIOUS_MOVE = YES;
				CLANG_WARN_UNREACHABLE_CODE = YES;
				CLANG_WARN__DUPLICATE_METHOD_MATCH = YES;
				"CODE_SIGN_IDENTITY[sdk=iphoneos*]" = "iPhone Developer";
				COPY_PHASE_STRIP = NO;
				DEBUG_INFORMATION_FORMAT = "dwarf-with-dsym";
				ENABLE_NS_ASSERTIONS = NO;
				ENABLE_STRICT_OBJC_MSGSEND = YES;
				GCC_C_LANGUAGE_STANDARD = gnu99;
				GCC_NO_COMMON_BLOCKS = YES;
				GCC_WARN_64_TO_32_BIT_CONVERSION = YES;
				GCC_WARN_ABOUT_RETURN_TYPE = YES_ERROR;
				GCC_WARN_UNDECLARED_SELECTOR = YES;
				GCC_WARN_UNINITIALIZED_AUTOS = YES_AGGRESSIVE;
				GCC_WARN_UNUSED_FUNCTION = YES;
				GCC_WARN_UNUSED_VARIABLE = YES;
				IPHONEOS_DEPLOYMENT_TARGET = 9.3;
				MTL_ENABLE_DEBUG_INFO = NO;
				SDKROOT = iphoneos;
				SWIFT_OPTIMIZATION_LEVEL = "-Owholemodule";
				VALIDATE_PRODUCT = YES;
			};
			name = Release;
		};
		5E3D42EA1D6BFA830058B0DB /* Debug */ = {
			isa = XCBuildConfiguration;
			buildSettings = {
				ASSETCATALOG_COMPILER_APPICON_NAME = AppIcon;
				INFOPLIST_FILE = Demo/Info.plist;
				LD_RUNPATH_SEARCH_PATHS = "$(inherited) @executable_path/Frameworks";
				PRODUCT_BUNDLE_IDENTIFIER = "George-Kye-Asiamah.Demo";
				PRODUCT_NAME = "$(TARGET_NAME)";
				SWIFT_VERSION = 3.0;
			};
			name = Debug;
		};
		5E3D42EB1D6BFA830058B0DB /* Release */ = {
			isa = XCBuildConfiguration;
			buildSettings = {
				ASSETCATALOG_COMPILER_APPICON_NAME = AppIcon;
				INFOPLIST_FILE = Demo/Info.plist;
				LD_RUNPATH_SEARCH_PATHS = "$(inherited) @executable_path/Frameworks";
				PRODUCT_BUNDLE_IDENTIFIER = "George-Kye-Asiamah.Demo";
				PRODUCT_NAME = "$(TARGET_NAME)";
				SWIFT_VERSION = 3.0;
			};
			name = Release;
		};
/* End XCBuildConfiguration section */

/* Begin XCConfigurationList section */
		5E3D42D21D6BFA830058B0DB /* Build configuration list for PBXProject "Demo" */ = {
			isa = XCConfigurationList;
			buildConfigurations = (
				5E3D42E71D6BFA830058B0DB /* Debug */,
				5E3D42E81D6BFA830058B0DB /* Release */,
			);
			defaultConfigurationIsVisible = 0;
			defaultConfigurationName = Release;
		};
		5E3D42E91D6BFA830058B0DB /* Build configuration list for PBXNativeTarget "Demo" */ = {
			isa = XCConfigurationList;
			buildConfigurations = (
				5E3D42EA1D6BFA830058B0DB /* Debug */,
				5E3D42EB1D6BFA830058B0DB /* Release */,
			);
			defaultConfigurationIsVisible = 0;
			defaultConfigurationName = Release;
		};
/* End XCConfigurationList section */
	};
	rootObject = 5E3D42CF1D6BFA830058B0DB /* Project object */;
}
